
Microsoft Visual Studio Solution File, Format Version 12.00
# Visual Studio Version 17
VisualStudioVersion = 17.12.35424.110
MinimumVisualStudioVersion = 10.0.40219.1
Project("{FAE04EC0-301F-11D3-BF4B-00C04F79EFBC}") = "NikeClone", "NikeClone\NikeClone.csproj", "{D3EABBC0-2F11-4C29-AA08-D451F5742652}"
EndProject
Project("{FAE04EC0-301F-11D3-BF4B-00C04F79EFBC}") = "NikeClone.Application", "NikeClone.Application\NikeClone.Application.csproj", "{75B0409D-0857-4CDB-8337-018122386CF8}"
EndProject
Project("{FAE04EC0-301F-11D3-BF4B-00C04F79EFBC}") = "NikeClone.Domain", "NikeClone.Domain\NikeClone.Domain.csproj", "{DC90297E-B5AA-4D79-9E14-EBCBF7CC5CC4}"
EndProject
Project("{FAE04EC0-301F-11D3-BF4B-00C04F79EFBC}") = "NikeClone.Infrastructure", "NikeClone.Infrastructure\NikeClone.Infrastructure.csproj", "{3B73BC9C-AA8B-4D0E-8A65-28BAD9708A15}"
EndProject
Global
	GlobalSection(SolutionConfigurationPlatforms) = preSolution
		Debug|Any CPU = Debug|Any CPU
		Release|Any CPU = Release|Any CPU
	EndGlobalSection
	GlobalSection(ProjectConfigurationPlatforms) = postSolution
		{D3EABBC0-2F11-4C29-AA08-D451F5742652}.Debug|Any CPU.ActiveCfg = Debug|Any CPU
		{D3EABBC0-2F11-4C29-AA08-D451F5742652}.Debug|Any CPU.Build.0 = Debug|Any CPU
		{D3EABBC0-2F11-4C29-AA08-D451F5742652}.Release|Any CPU.ActiveCfg = Release|Any CPU
		{D3EABBC0-2F11-4C29-AA08-D451F5742652}.Release|Any CPU.Build.0 = Release|Any CPU
		{75B0409D-0857-4CDB-8337-018122386CF8}.Debug|Any CPU.ActiveCfg = Debug|Any CPU
		{75B0409D-0857-4CDB-8337-018122386CF8}.Debug|Any CPU.Build.0 = Debug|Any CPU
		{75B0409D-0857-4CDB-8337-018122386CF8}.Release|Any CPU.ActiveCfg = Release|Any CPU
		{75B0409D-0857-4CDB-8337-018122386CF8}.Release|Any CPU.Build.0 = Release|Any CPU
		{DC90297E-B5AA-4D79-9E14-EBCBF7CC5CC4}.Debug|Any CPU.ActiveCfg = Debug|Any CPU
		{DC90297E-B5AA-4D79-9E14-EBCBF7CC5CC4}.Debug|Any CPU.Build.0 = Debug|Any CPU
		{DC90297E-B5AA-4D79-9E14-EBCBF7CC5CC4}.Release|Any CPU.ActiveCfg = Release|Any CPU
		{DC90297E-B5AA-4D79-9E14-EBCBF7CC5CC4}.Release|Any CPU.Build.0 = Release|Any CPU
		{3B73BC9C-AA8B-4D0E-8A65-28BAD9708A15}.Debug|Any CPU.ActiveCfg = Debug|Any CPU
		{3B73BC9C-AA8B-4D0E-8A65-28BAD9708A15}.Debug|Any CPU.Build.0 = Debug|Any CPU
		{3B73BC9C-AA8B-4D0E-8A65-28BAD9708A15}.Release|Any CPU.ActiveCfg = Release|Any CPU
		{3B73BC9C-AA8B-4D0E-8A65-28BAD9708A15}.Release|Any CPU.Build.0 = Release|Any CPU
	EndGlobalSection
	GlobalSection(SolutionProperties) = preSolution
		HideSolutionNode = FALSE
	EndGlobalSection
EndGlobal
